
Microsoft Visual Studio Solution File, Format Version 12.00
# Visual Studio Version 16
VisualStudioVersion = 16.0.30803.129
MinimumVisualStudioVersion = 10.0.40219.1
Project("{9A19103F-16F7-4668-BE54-9A1E7A4F7556}") = "rQuoteFunctions", "rQuoteFunctions\rQuoteFunctions.csproj", "{0D2D4D7D-C837-4860-B29A-233C0F3F1A23}"
EndProject
Project("{9A19103F-16F7-4668-BE54-9A1E7A4F7556}") = "rQuote", "rQuote\rQuote.csproj", "{CA8A2F2D-2F1C-4A18-8547-C4D9D87BFCDD}"
EndProject
Global
	GlobalSection(SolutionConfigurationPlatforms) = preSolution
		Debug|Any CPU = Debug|Any CPU
		Release|Any CPU = Release|Any CPU
	EndGlobalSection
	GlobalSection(ProjectConfigurationPlatforms) = postSolution
		{0D2D4D7D-C837-4860-B29A-233C0F3F1A23}.Debug|Any CPU.ActiveCfg = Debug|Any CPU
		{0D2D4D7D-C837-4860-B29A-233C0F3F1A23}.Debug|Any CPU.Build.0 = Debug|Any CPU
		{0D2D4D7D-C837-4860-B29A-233C0F3F1A23}.Release|Any CPU.ActiveCfg = Release|Any CPU
		{0D2D4D7D-C837-4860-B29A-233C0F3F1A23}.Release|Any CPU.Build.0 = Release|Any CPU
		{CA8A2F2D-2F1C-4A18-8547-C4D9D87BFCDD}.Debug|Any CPU.ActiveCfg = Debug|Any CPU
		{CA8A2F2D-2F1C-4A18-8547-C4D9D87BFCDD}.Debug|Any CPU.Build.0 = Debug|Any CPU
		{CA8A2F2D-2F1C-4A18-8547-C4D9D87BFCDD}.Release|Any CPU.ActiveCfg = Release|Any CPU
		{CA8A2F2D-2F1C-4A18-8547-C4D9D87BFCDD}.Release|Any CPU.Build.0 = Release|Any CPU
	EndGlobalSection
	GlobalSection(SolutionProperties) = preSolution
		HideSolutionNode = FALSE
	EndGlobalSection
	GlobalSection(ExtensibilityGlobals) = postSolution
		SolutionGuid = {4085C1E8-2C1C-45A7-AEB1-2F1705F091CA}
	EndGlobalSection
EndGlobal
